
Microsoft Visual Studio Solution File, Format Version 12.00
# Visual Studio Version 17
VisualStudioVersion = 17.0.31903.59
MinimumVisualStudioVersion = 10.0.40219.1
Project("{FAE04EC0-301F-11D3-BF4B-00C04F79EFBC}") = "SendoraCityApi", "SendoraCityApi\SendoraCityApi.csproj", "{C848D1B0-5BA4-4C82-B4C0-B36B751545C6}"
EndProject
Project("{FAE04EC0-301F-11D3-BF4B-00C04F79EFBC}") = "SendoraCityApi.Tests", "SendoraCityApi.Tests\SendoraCityApi.Tests.csproj", "{86514E12-CDD8-4B32-8F97-3012E6E1266C}"
EndProject
Global
	GlobalSection(SolutionConfigurationPlatforms) = preSolution
		Debug|Any CPU = Debug|Any CPU
		Release|Any CPU = Release|Any CPU
	EndGlobalSection
	GlobalSection(SolutionProperties) = preSolution
		HideSolutionNode = FALSE
	EndGlobalSection
	GlobalSection(ProjectConfigurationPlatforms) = postSolution
		{C848D1B0-5BA4-4C82-B4C0-B36B751545C6}.Debug|Any CPU.ActiveCfg = Debug|Any CPU
		{C848D1B0-5BA4-4C82-B4C0-B36B751545C6}.Debug|Any CPU.Build.0 = Debug|Any CPU
		{C848D1B0-5BA4-4C82-B4C0-B36B751545C6}.Release|Any CPU.ActiveCfg = Release|Any CPU
		{C848D1B0-5BA4-4C82-B4C0-B36B751545C6}.Release|Any CPU.Build.0 = Release|Any CPU
		{86514E12-CDD8-4B32-8F97-3012E6E1266C}.Debug|Any CPU.ActiveCfg = Debug|Any CPU
		{86514E12-CDD8-4B32-8F97-3012E6E1266C}.Debug|Any CPU.Build.0 = Debug|Any CPU
		{86514E12-CDD8-4B32-8F97-3012E6E1266C}.Release|Any CPU.ActiveCfg = Release|Any CPU
		{86514E12-CDD8-4B32-8F97-3012E6E1266C}.Release|Any CPU.Build.0 = Release|Any CPU
	EndGlobalSection
EndGlobal
